
Microsoft Visual Studio Solution File, Format Version 12.00
# Visual Studio Version 16
VisualStudioVersion = 16.0.29306.81
MinimumVisualStudioVersion = 10.0.40219.1
Project("{FAE04EC0-301F-11D3-BF4B-00C04F79EFBC}") = "JuristicMonitor", "JuristicMonitor\JuristicMonitor.csproj", "{5959BCD0-EB0B-4F86-BDE2-7D43BF30475E}"
EndProject
Project("{9A19103F-16F7-4668-BE54-9A1E7A4F7556}") = "NUnitTestProject1", "JuristicMonitor\NUnitTestProject1\NUnitTestProject1.csproj", "{5425D72E-DCDA-4F96-B862-7005F475EA2C}"
EndProject
Global
	GlobalSection(SolutionConfigurationPlatforms) = preSolution
		Debug|Any CPU = Debug|Any CPU
		Release|Any CPU = Release|Any CPU
	EndGlobalSection
	GlobalSection(ProjectConfigurationPlatforms) = postSolution
		{5959BCD0-EB0B-4F86-BDE2-7D43BF30475E}.Debug|Any CPU.ActiveCfg = Debug|Any CPU
		{5959BCD0-EB0B-4F86-BDE2-7D43BF30475E}.Debug|Any CPU.Build.0 = Debug|Any CPU
		{5959BCD0-EB0B-4F86-BDE2-7D43BF30475E}.Release|Any CPU.ActiveCfg = Release|Any CPU
		{5959BCD0-EB0B-4F86-BDE2-7D43BF30475E}.Release|Any CPU.Build.0 = Release|Any CPU
		{5425D72E-DCDA-4F96-B862-7005F475EA2C}.Debug|Any CPU.ActiveCfg = Debug|Any CPU
		{5425D72E-DCDA-4F96-B862-7005F475EA2C}.Debug|Any CPU.Build.0 = Debug|Any CPU
		{5425D72E-DCDA-4F96-B862-7005F475EA2C}.Release|Any CPU.ActiveCfg = Release|Any CPU
		{5425D72E-DCDA-4F96-B862-7005F475EA2C}.Release|Any CPU.Build.0 = Release|Any CPU
	EndGlobalSection
	GlobalSection(SolutionProperties) = preSolution
		HideSolutionNode = FALSE
	EndGlobalSection
	GlobalSection(ExtensibilityGlobals) = postSolution
		SolutionGuid = {C2C5706D-5F63-45D9-9A23-2FF5F4DB5A8F}
	EndGlobalSection
EndGlobal
